#
# This file is autogenerated by pip-compile with Python 3.12
# by the following command:
#
#    pip-compile --no-index --output-file=requirements.lock --strip-extras pyproject.toml
#
accelerate==1.14.0
    # via south-asian-cuisine-rag (pyproject.toml)
annotated-doc==0.0.5
    # via
    #   fastapi
    #   typer
annotated-types==0.8.0
    # via pydantic
anyio==4.14.2
    # via
    #   httpx
    #   starlette
    #   watchfiles
certifi==2026.7.22
    # via
    #   httpcore
    #   httpx
click==8.5.0
    # via
    #   huggingface-hub
    #   uvicorn
cloudpickle==3.1.2
    # via joblib
colorama==0.4.6
    # via
    #   tqdm
    #   typer
faiss-cpu==1.15.0
    # via south-asian-cuisine-rag (pyproject.toml)
fastapi==0.141.1
    # via south-asian-cuisine-rag (pyproject.toml)
filelock==3.32.5
    # via
    #   huggingface-hub
    #   torch
fsspec==2026.7.0
    # via
    #   huggingface-hub
    #   torch
h11==0.16.0
    # via
    #   httpcore
    #   uvicorn
hf-xet==1.6.0
    # via huggingface-hub
httpcore==1.0.9
    # via httpx
httptools==0.8.0
    # via uvicorn
httpx==0.28.1
    # via huggingface-hub
huggingface-hub==1.29.0
    # via
    #   accelerate
    #   sentence-transformers
    #   tokenizers
    #   transformers
idna==3.19
    # via
    #   anyio
    #   httpx
jinja2==3.1.6
    # via torch
joblib==1.6.0
    # via scikit-learn
markdown-it-py==4.2.0
    # via rich
markupsafe==3.0.3
    # via jinja2
mdurl==0.1.2
    # via markdown-it-py
mpmath==1.3.0
    # via sympy
narwhals==2.25.0
    # via scikit-learn
networkx==3.6.1
    # via torch
numpy==2.4.6
    # via
    #   accelerate
    #   faiss-cpu
    #   scikit-learn
    #   scipy
    #   sentence-transformers
    #   south-asian-cuisine-rag (pyproject.toml)
    #   transformers
packaging==26.3
    # via
    #   accelerate
    #   faiss-cpu
    #   huggingface-hub
    #   transformers
psutil==7.2.2
    # via accelerate
pydantic==2.13.5
    # via
    #   fastapi
    #   south-asian-cuisine-rag (pyproject.toml)
pydantic-core==2.46.5
    # via pydantic
pygments==2.21.0
    # via rich
python-dotenv==1.2.3
    # via uvicorn
pyyaml==6.0.3
    # via
    #   accelerate
    #   huggingface-hub
    #   transformers
    #   uvicorn
regex==2026.9.3
    # via transformers
rich==15.0.0
    # via typer
safetensors==0.8.0
    # via
    #   accelerate
    #   south-asian-cuisine-rag (pyproject.toml)
    #   transformers
scikit-learn==1.9.0
    # via sentence-transformers
scipy==1.18.1
    # via
    #   scikit-learn
    #   sentence-transformers
sentence-transformers==5.7.0
    # via south-asian-cuisine-rag (pyproject.toml)
shellingham==1.5.4
    # via typer
starlette==1.6.0
    # via fastapi
sympy==1.14.0
    # via torch
threadpoolctl==3.6.0
    # via scikit-learn
tokenizers==0.23.1
    # via
    #   sentence-transformers
    #   transformers
torch==2.14.0
    # via
    #   accelerate
    #   sentence-transformers
    #   south-asian-cuisine-rag (pyproject.toml)
tqdm==4.70.0
    # via
    #   huggingface-hub
    #   sentence-transformers
    #   transformers
transformers==5.16.1
    # via
    #   sentence-transformers
    #   south-asian-cuisine-rag (pyproject.toml)
typer==0.27.2
    # via
    #   south-asian-cuisine-rag (pyproject.toml)
    #   transformers
typing-extensions==4.16.0
    # via
    #   anyio
    #   fastapi
    #   huggingface-hub
    #   pydantic
    #   pydantic-core
    #   sentence-transformers
    #   starlette
    #   torch
    #   typing-inspection
typing-inspection==0.4.4
    # via
    #   fastapi
    #   pydantic
uvicorn==0.52.4
    # via south-asian-cuisine-rag (pyproject.toml)
watchfiles==1.2.0
    # via uvicorn
websockets==17.1
    # via uvicorn

# The following packages are considered to be unsafe in a requirements file:
# setuptools
